
Microsoft Visual Studio Solution File, Format Version 12.00
# Visual Studio Version 17
VisualStudioVersion = 17.6.33829.357
MinimumVisualStudioVersion = 10.0.40219.1
Project("{8BC9CEB8-8B4A-11D0-8D11-00A0C91BC942}") = "28.9 mergeSortMultiThreading", "28.9 mergeSortMultiThreading.vcxproj", "{A5F3ECF1-DC41-49E8-A579-09B9A46182E5}"
EndProject
Global
	GlobalSection(SolutionConfigurationPlatforms) = preSolution
		Debug|x64 = Debug|x64
		Debug|x86 = Debug|x86
		Release|x64 = Release|x64
		Release|x86 = Release|x86
	EndGlobalSection
	GlobalSection(ProjectConfigurationPlatforms) = postSolution
		{A5F3ECF1-DC41-49E8-A579-09B9A46182E5}.Debug|x64.ActiveCfg = Debug|x64
		{A5F3ECF1-DC41-49E8-A579-09B9A46182E5}.Debug|x64.Build.0 = Debug|x64
		{A5F3ECF1-DC41-49E8-A579-09B9A46182E5}.Debug|x86.ActiveCfg = Debug|Win32
		{A5F3ECF1-DC41-49E8-A579-09B9A46182E5}.Debug|x86.Build.0 = Debug|Win32
		{A5F3ECF1-DC41-49E8-A579-09B9A46182E5}.Release|x64.ActiveCfg = Release|x64
		{A5F3ECF1-DC41-49E8-A579-09B9A46182E5}.Release|x64.Build.0 = Release|x64
		{A5F3ECF1-DC41-49E8-A579-09B9A46182E5}.Release|x86.ActiveCfg = Release|Win32
		{A5F3ECF1-DC41-49E8-A579-09B9A46182E5}.Release|x86.Build.0 = Release|Win32
	EndGlobalSection
	GlobalSection(SolutionProperties) = preSolution
		HideSolutionNode = FALSE
	EndGlobalSection
	GlobalSection(ExtensibilityGlobals) = postSolution
		SolutionGuid = {CEE03BC7-8A17-494C-B8D9-94FE910951CD}
	EndGlobalSection
EndGlobal
